github.com/gojektech/valkyrie v0.0.0-20190210220504-8f62c1e7ba45 h1:MO2DsGCZz8phRhLnpFvHEQgTH521sVN/6F2GZTbNO3Q=
github.com/gojektech/valkyrie v0.0.0-20190210220504-8f62c1e7ba45/go.mod h1:tDYRk1s5Pms6XJjj5m2PxAzmQvaDU8GqDf1u6x7yxKw=
github.com/issue9/assert v1.4.1 h1:gUtOpMTeaE4JTe9kACma5foOHBvVt1p5XTFrULDwdXI=
github.com/issue9/assert v1.4.1/go.mod h1:Yktk83hAVl1SPSYtd9kjhBizuiBIqUQyj+D5SE2yjVY=
github.com/pkg/errors v0.9.1 h1:FEBLx1zS214owpjy7qsBeixbURkuhQAwrK5UwLGTwt4=
github.com/pkg/errors v0.9.1/go.mod h1:bwawxfHBFNV+L2hUp1rHADufV3IMtnDRdf1r5NINEl0=
